// !$*UTF8*$!
{
	archiveVersion = 1;
	classes = {
	};
	objectVersion = 48;
	objects = {

/* Begin PBXBuildFile section */
		11DB8D5A206705FC00133D7C /* AppDelegate.swift in Sources */ = {isa = PBXBuildFile; fileRef = 11DB8D59206705FC00133D7C /* AppDelegate.swift */; };
		11DB8D61206705FC00133D7C /* Assets.xcassets in Resources */ = {isa = PBXBuildFile; fileRef = 11DB8D60206705FC00133D7C /* Assets.xcassets */; };
		11DB8D64206705FC00133D7C /* LaunchScreen.storyboard in Resources */ = {isa = PBXBuildFile; fileRef = 11DB8D62206705FC00133D7C /* LaunchScreen.storyboard */; };
		11DB8D77206708D100133D7C /* OnBoardingView.swift in Sources */ = {isa = PBXBuildFile; fileRef = 11DB8D75206708D100133D7C /* OnBoardingView.swift */; };
		11DB8D78206708D100133D7C /* OnBoardingView.xib in Resources */ = {isa = PBXBuildFile; fileRef = 11DB8D76206708D100133D7C /* OnBoardingView.xib */; };
		11DB8D8020670B3000133D7C /* GenericView.swift in Sources */ = {isa = PBXBuildFile; fileRef = 11DB8D7E20670B3000133D7C /* GenericView.swift */; };
		11DB8D8120670B3000133D7C /* GenericView.xib in Resources */ = {isa = PBXBuildFile; fileRef = 11DB8D7F20670B3000133D7C /* GenericView.xib */; };
		11DB8D932067246700133D7C /* Coordinator.swift in Sources */ = {isa = PBXBuildFile; fileRef = 11DB8D922067246700133D7C /* Coordinator.swift */; };
		11DB8D952067247900133D7C /* AppCoordinator.swift in Sources */ = {isa = PBXBuildFile; fileRef = 11DB8D942067247900133D7C /* AppCoordinator.swift */; };
		11DB8D972067249E00133D7C /* SignUpCoordinator.swift in Sources */ = {isa = PBXBuildFile; fileRef = 11DB8D962067249E00133D7C /* SignUpCoordinator.swift */; };
		11DB8D99207A4E9400133D7C /* OnBoardingCoordinator.swift in Sources */ = {isa = PBXBuildFile; fileRef = 11DB8D98207A4E9400133D7C /* OnBoardingCoordinator.swift */; };
		11DB8D9D207A54A600133D7C /* HomeView.swift in Sources */ = {isa = PBXBuildFile; fileRef = 11DB8D9B207A54A600133D7C /* HomeView.swift */; };
		11DB8D9E207A54A600133D7C /* HomeView.xib in Resources */ = {isa = PBXBuildFile; fileRef = 11DB8D9C207A54A600133D7C /* HomeView.xib */; };
		11DB8DA0207A55BE00133D7C /* HomeCoordinator.swift in Sources */ = {isa = PBXBuildFile; fileRef = 11DB8D9F207A55BE00133D7C /* HomeCoordinator.swift */; };
		11DB8DA42082519300133D7C /* User.swift in Sources */ = {isa = PBXBuildFile; fileRef = 11DB8DA32082519300133D7C /* User.swift */; };
		11DB8DA7208254EA00133D7C /* UserService.swift in Sources */ = {isa = PBXBuildFile; fileRef = 11DB8DA6208254EA00133D7C /* UserService.swift */; };
		11DB8DA92082552C00133D7C /* UserServiceImpl.swift in Sources */ = {isa = PBXBuildFile; fileRef = 11DB8DA82082552C00133D7C /* UserServiceImpl.swift */; };
/* End PBXBuildFile section */

/* Begin PBXFileReference section */
		11DB8D56206705FC00133D7C /* TDCSignUpCoordinator.app */ = {isa = PBXFileReference; explicitFileType = wrapper.application; includeInIndex = 0; path = TDCSignUpCoordinator.app; sourceTree = BUILT_PRODUCTS_DIR; };
		11DB8D59206705FC00133D7C /* AppDelegate.swift */ = {isa = PBXFileReference; lastKnownFileType = sourcecode.swift; path = AppDelegate.swift; sourceTree = "<group>"; };
		11DB8D60206705FC00133D7C /* Assets.xcassets */ = {isa = PBXFileReference; lastKnownFileType = folder.assetcatalog; path = Assets.xcassets; sourceTree = "<group>"; };
		11DB8D63206705FC00133D7C /* Base */ = {isa = PBXFileReference; lastKnownFileType = file.storyboard; name = Base; path = Base.lproj/LaunchScreen.storyboard; sourceTree = "<group>"; };
		11DB8D65206705FC00133D7C /* Info.plist */ = {isa = PBXFileReference; lastKnownFileType = text.plist.xml; path = Info.plist; sourceTree = "<group>"; };
		11DB8D75206708D100133D7C /* OnBoardingView.swift */ = {isa = PBXFileReference; lastKnownFileType = sourcecode.swift; path = OnBoardingView.swift; sourceTree = "<group>"; };
		11DB8D76206708D100133D7C /* OnBoardingView.xib */ = {isa = PBXFileReference; lastKnownFileType = file.xib; path = OnBoardingView.xib; sourceTree = "<group>"; };
		11DB8D7E20670B3000133D7C /* GenericView.swift */ = {isa = PBXFileReference; lastKnownFileType = sourcecode.swift; path = GenericView.swift; sourceTree = "<group>"; };
		11DB8D7F20670B3000133D7C /* GenericView.xib */ = {isa = PBXFileReference; lastKnownFileType = file.xib; path = GenericView.xib; sourceTree = "<group>"; };
		11DB8D922067246700133D7C /* Coordinator.swift */ = {isa = PBXFileReference; lastKnownFileType = sourcecode.swift; path = Coordinator.swift; sourceTree = "<group>"; };
		11DB8D942067247900133D7C /* AppCoordinator.swift */ = {isa = PBXFileReference; lastKnownFileType = sourcecode.swift; path = AppCoordinator.swift; sourceTree = "<group>"; };
		11DB8D962067249E00133D7C /* SignUpCoordinator.swift */ = {isa = PBXFileReference; lastKnownFileType = sourcecode.swift; path = SignUpCoordinator.swift; sourceTree = "<group>"; };
		11DB8D98207A4E9400133D7C /* OnBoardingCoordinator.swift */ = {isa = PBXFileReference; lastKnownFileType = sourcecode.swift; path = OnBoardingCoordinator.swift; sourceTree = "<group>"; };
		11DB8D9B207A54A600133D7C /* HomeView.swift */ = {isa = PBXFileReference; lastKnownFileType = sourcecode.swift; path = HomeView.swift; sourceTree = "<group>"; };
		11DB8D9C207A54A600133D7C /* HomeView.xib */ = {isa = PBXFileReference; lastKnownFileType = file.xib; path = HomeView.xib; sourceTree = "<group>"; };
		11DB8D9F207A55BE00133D7C /* HomeCoordinator.swift */ = {isa = PBXFileReference; lastKnownFileType = sourcecode.swift; path = HomeCoordinator.swift; sourceTree = "<group>"; };
		11DB8DA32082519300133D7C /* User.swift */ = {isa = PBXFileReference; lastKnownFileType = sourcecode.swift; path = User.swift; sourceTree = "<group>"; };
		11DB8DA6208254EA00133D7C /* UserService.swift */ = {isa = PBXFileReference; lastKnownFileType = sourcecode.swift; path = UserService.swift; sourceTree = "<group>"; };
		11DB8DA82082552C00133D7C /* UserServiceImpl.swift */ = {isa = PBXFileReference; lastKnownFileType = sourcecode.swift; path = UserServiceImpl.swift; sourceTree = "<group>"; };
/* End PBXFileReference section */

/* Begin PBXFrameworksBuildPhase section */
		11DB8D53206705FC00133D7C /* Frameworks */ = {
			isa = PBXFrameworksBuildPhase;
			buildActionMask = 2147483647;
			files = (
			);
			runOnlyForDeploymentPostprocessing = 0;
		};
/* End PBXFrameworksBuildPhase section */

/* Begin PBXGroup section */
		11DB8D4D206705FB00133D7C = {
			isa = PBXGroup;
			children = (
				11DB8D58206705FC00133D7C /* TDCSignUpCoordinator */,
				11DB8D57206705FC00133D7C /* Products */,
			);
			sourceTree = "<group>";
		};
		11DB8D57206705FC00133D7C /* Products */ = {
			isa = PBXGroup;
			children = (
				11DB8D56206705FC00133D7C /* TDCSignUpCoordinator.app */,
			);
			name = Products;
			sourceTree = "<group>";
		};
		11DB8D58206705FC00133D7C /* TDCSignUpCoordinator */ = {
			isa = PBXGroup;
			children = (
				11DB8DA52082542400133D7C /* Service */,
				11DB8DA22082516100133D7C /* Entity */,
				11DB8D722067088100133D7C /* Coordinator */,
				11DB8D712067087800133D7C /* Modules */,
				11DB8D59206705FC00133D7C /* AppDelegate.swift */,
				11DB8D60206705FC00133D7C /* Assets.xcassets */,
				11DB8D62206705FC00133D7C /* LaunchScreen.storyboard */,
				11DB8D65206705FC00133D7C /* Info.plist */,
			);
			path = TDCSignUpCoordinator;
			sourceTree = "<group>";
		};
		11DB8D712067087800133D7C /* Modules */ = {
			isa = PBXGroup;
			children = (
				11DB8D9A207A548700133D7C /* Home */,
				11DB8D74206708A400133D7C /* SignUp */,
				11DB8D732067089900133D7C /* OnBoarding */,
			);
			path = Modules;
			sourceTree = "<group>";
		};
		11DB8D722067088100133D7C /* Coordinator */ = {
			isa = PBXGroup;
			children = (
				11DB8D922067246700133D7C /* Coordinator.swift */,
				11DB8D942067247900133D7C /* AppCoordinator.swift */,
				11DB8D98207A4E9400133D7C /* OnBoardingCoordinator.swift */,
				11DB8D962067249E00133D7C /* SignUpCoordinator.swift */,
				11DB8D9F207A55BE00133D7C /* HomeCoordinator.swift */,
			);
			path = Coordinator;
			sourceTree = "<group>";
		};
		11DB8D732067089900133D7C /* OnBoarding */ = {
			isa = PBXGroup;
			children = (
				11DB8D75206708D100133D7C /* OnBoardingView.swift */,
				11DB8D76206708D100133D7C /* OnBoardingView.xib */,
			);
			path = OnBoarding;
			sourceTree = "<group>";
		};
		11DB8D74206708A400133D7C /* SignUp */ = {
			isa = PBXGroup;
			children = (
				11DB8D7D2067099C00133D7C /* Generic */,
			);
			path = SignUp;
			sourceTree = "<group>";
		};
		11DB8D7D2067099C00133D7C /* Generic */ = {
			isa = PBXGroup;
			children = (
				11DB8D7E20670B3000133D7C /* GenericView.swift */,
				11DB8D7F20670B3000133D7C /* GenericView.xib */,
			);
			path = Generic;
			sourceTree = "<group>";
		};
		11DB8D9A207A548700133D7C /* Home */ = {
			isa = PBXGroup;
			children = (
				11DB8D9B207A54A600133D7C /* HomeView.swift */,
				11DB8D9C207A54A600133D7C /* HomeView.xib */,
			);
			path = Home;
			sourceTree = "<group>";
		};
		11DB8DA22082516100133D7C /* Entity */ = {
			isa = PBXGroup;
			children = (
				11DB8DA32082519300133D7C /* User.swift */,
			);
			path = Entity;
			sourceTree = "<group>";
		};
		11DB8DA52082542400133D7C /* Service */ = {
			isa = PBXGroup;
			children = (
				11DB8DA6208254EA00133D7C /* UserService.swift */,
				11DB8DA82082552C00133D7C /* UserServiceImpl.swift */,
			);
			path = Service;
			sourceTree = "<group>";
		};
/* End PBXGroup section */

/* Begin PBXNativeTarget section */
		11DB8D55206705FC00133D7C /* TDCSignUpCoordinator */ = {
			isa = PBXNativeTarget;
			buildConfigurationList = 11DB8D68206705FC00133D7C /* Build configuration list for PBXNativeTarget "TDCSignUpCoordinator" */;
			buildPhases = (
				11DB8D52206705FC00133D7C /* Sources */,
				11DB8D53206705FC00133D7C /* Frameworks */,
				11DB8D54206705FC00133D7C /* Resources */,
			);
			buildRules = (
			);
			dependencies = (
			);
			name = TDCSignUpCoordinator;
			productName = TDCSignUpCoordinator;
			productReference = 11DB8D56206705FC00133D7C /* TDCSignUpCoordinator.app */;
			productType = "com.apple.product-type.application";
		};
/* End PBXNativeTarget section */

/* Begin PBXProject section */
		11DB8D4E206705FB00133D7C /* Project object */ = {
			isa = PBXProject;
			attributes = {
				LastSwiftUpdateCheck = 0910;
				LastUpgradeCheck = 0910;
				ORGANIZATIONNAME = "Fernando Cruz";
				TargetAttributes = {
					11DB8D55206705FC00133D7C = {
						CreatedOnToolsVersion = 9.1;
						ProvisioningStyle = Automatic;
					};
				};
			};
			buildConfigurationList = 11DB8D51206705FB00133D7C /* Build configuration list for PBXProject "TDCSignUpCoordinator" */;
			compatibilityVersion = "Xcode 8.0";
			developmentRegion = en;
			hasScannedForEncodings = 0;
			knownRegions = (
				en,
				Base,
			);
			mainGroup = 11DB8D4D206705FB00133D7C;
			productRefGroup = 11DB8D57206705FC00133D7C /* Products */;
			projectDirPath = "";
			projectRoot = "";
			targets = (
				11DB8D55206705FC00133D7C /* TDCSignUpCoordinator */,
			);
		};
/* End PBXProject section */

/* Begin PBXResourcesBuildPhase section */
		11DB8D54206705FC00133D7C /* Resources */ = {
			isa = PBXResourcesBuildPhase;
			buildActionMask = 2147483647;
			files = (
				11DB8D9E207A54A600133D7C /* HomeView.xib in Resources */,
				11DB8D64206705FC00133D7C /* LaunchScreen.storyboard in Resources */,
				11DB8D78206708D100133D7C /* OnBoardingView.xib in Resources */,
				11DB8D61206705FC00133D7C /* Assets.xcassets in Resources */,
				11DB8D8120670B3000133D7C /* GenericView.xib in Resources */,
			);
			runOnlyForDeploymentPostprocessing = 0;
		};
/* End PBXResourcesBuildPhase section */

/* Begin PBXSourcesBuildPhase section */
		11DB8D52206705FC00133D7C /* Sources */ = {
			isa = PBXSourcesBuildPhase;
			buildActionMask = 2147483647;
			files = (
				11DB8D932067246700133D7C /* Coordinator.swift in Sources */,
				11DB8D5A206705FC00133D7C /* AppDelegate.swift in Sources */,
				11DB8DA92082552C00133D7C /* UserServiceImpl.swift in Sources */,
				11DB8D8020670B3000133D7C /* GenericView.swift in Sources */,
				11DB8DA42082519300133D7C /* User.swift in Sources */,
				11DB8D972067249E00133D7C /* SignUpCoordinator.swift in Sources */,
				11DB8D952067247900133D7C /* AppCoordinator.swift in Sources */,
				11DB8DA0207A55BE00133D7C /* HomeCoordinator.swift in Sources */,
				11DB8DA7208254EA00133D7C /* UserService.swift in Sources */,
				11DB8D9D207A54A600133D7C /* HomeView.swift in Sources */,
				11DB8D99207A4E9400133D7C /* OnBoardingCoordinator.swift in Sources */,
				11DB8D77206708D100133D7C /* OnBoardingView.swift in Sources */,
			);
			runOnlyForDeploymentPostprocessing = 0;
		};
/* End PBXSourcesBuildPhase section */

/* Begin PBXVariantGroup section */
		11DB8D62206705FC00133D7C /* LaunchScreen.storyboard */ = {
			isa = PBXVariantGroup;
			children = (
				11DB8D63206705FC00133D7C /* Base */,
			);
			name = LaunchScreen.storyboard;
			sourceTree = "<group>";
		};
/* End PBXVariantGroup section */

/* Begin XCBuildConfiguration section */
		11DB8D66206705FC00133D7C /* Debug */ = {
			isa = XCBuildConfiguration;
			buildSettings = {
				ALWAYS_SEARCH_USER_PATHS = NO;
				CLANG_ANALYZER_NONNULL = YES;
				CLANG_ANALYZER_NUMBER_OBJECT_CONVERSION = YES_AGGRESSIVE;
				CLANG_CXX_LANGUAGE_STANDARD = "gnu++14";
				CLANG_CXX_LIBRARY = "libc++";
				CLANG_ENABLE_MODULES = YES;
				CLANG_ENABLE_OBJC_ARC = YES;
				CLANG_WARN_BLOCK_CAPTURE_AUTORELEASING = YES;
				CLANG_WARN_BOOL_CONVERSION = YES;
				CLANG_WARN_COMMA = YES;
				CLANG_WARN_CONSTANT_CONVERSION = YES;
				CLANG_WARN_DIRECT_OBJC_ISA_USAGE = YES_ERROR;
				CLANG_WARN_DOCUMENTATION_COMMENTS = YES;
				CLANG_WARN_EMPTY_BODY = YES;
				CLANG_WARN_ENUM_CONVERSION = YES;
				CLANG_WARN_INFINITE_RECURSION = YES;
				CLANG_WARN_INT_CONVERSION = YES;
				CLANG_WARN_NON_LITERAL_NULL_CONVERSION = YES;
				CLANG_WARN_OBJC_LITERAL_CONVERSION = YES;
				CLANG_WARN_OBJC_ROOT_CLASS = YES_ERROR;
				CLANG_WARN_RANGE_LOOP_ANALYSIS = YES;
				CLANG_WARN_STRICT_PROTOTYPES = YES;
				CLANG_WARN_SUSPICIOUS_MOVE = YES;
				CLANG_WARN_UNGUARDED_AVAILABILITY = YES_AGGRESSIVE;
				CLANG_WARN_UNREACHABLE_CODE = YES;
				CLANG_WARN__DUPLICATE_METHOD_MATCH = YES;
				CODE_SIGN_IDENTITY = "iPhone Developer";
				COPY_PHASE_STRIP = NO;
				DEBUG_INFORMATION_FORMAT = dwarf;
				ENABLE_STRICT_OBJC_MSGSEND = YES;
				ENABLE_TESTABILITY = YES;
				GCC_C_LANGUAGE_STANDARD = gnu11;
				GCC_DYNAMIC_NO_PIC = NO;
				GCC_NO_COMMON_BLOCKS = YES;
				GCC_OPTIMIZATION_LEVEL = 0;
				GCC_PREPROCESSOR_DEFINITIONS = (
					"DEBUG=1",
					"$(inherited)",
				);
				GCC_WARN_64_TO_32_BIT_CONVERSION = YES;
				GCC_WARN_ABOUT_RETURN_TYPE = YES_ERROR;
				GCC_WARN_UNDECLARED_SELECTOR = YES;
				GCC_WARN_UNINITIALIZED_AUTOS = YES_AGGRESSIVE;
				GCC_WARN_UNUSED_FUNCTION = YES;
				GCC_WARN_UNUSED_VARIABLE = YES;
				IPHONEOS_DEPLOYMENT_TARGET = 11.1;
				MTL_ENABLE_DEBUG_INFO = YES;
				ONLY_ACTIVE_ARCH = YES;
				SDKROOT = iphoneos;
				SWIFT_ACTIVE_COMPILATION_CONDITIONS = DEBUG;
				SWIFT_OPTIMIZATION_LEVEL = "-Onone";
			};
			name = Debug;
		};
		11DB8D67206705FC00133D7C /* Release */ = {
			isa = XCBuildConfiguration;
			buildSettings = {
				ALWAYS_SEARCH_USER_PATHS = NO;
				CLANG_ANALYZER_NONNULL = YES;
				CLANG_ANALYZER_NUMBER_OBJECT_CONVERSION = YES_AGGRESSIVE;
				CLANG_CXX_LANGUAGE_STANDARD = "gnu++14";
				CLANG_CXX_LIBRARY = "libc++";
				CLANG_ENABLE_MODULES = YES;
				CLANG_ENABLE_OBJC_ARC = YES;
				CLANG_WARN_BLOCK_CAPTURE_AUTORELEASING = YES;
				CLANG_WARN_BOOL_CONVERSION = YES;
				CLANG_WARN_COMMA = YES;
				CLANG_WARN_CONSTANT_CONVERSION = YES;
				CLANG_WARN_DIRECT_OBJC_ISA_USAGE = YES_ERROR;
				CLANG_WARN_DOCUMENTATION_COMMENTS = YES;
				CLANG_WARN_EMPTY_BODY = YES;
				CLANG_WARN_ENUM_CONVERSION = YES;
				CLANG_WARN_INFINITE_RECURSION = YES;
				CLANG_WARN_INT_CONVERSION = YES;
				CLANG_WARN_NON_LITERAL_NULL_CONVERSION = YES;
				CLANG_WARN_OBJC_LITERAL_CONVERSION = YES;
				CLANG_WARN_OBJC_ROOT_CLASS = YES_ERROR;
				CLANG_WARN_RANGE_LOOP_ANALYSIS = YES;
				CLANG_WARN_STRICT_PROTOTYPES = YES;
				CLANG_WARN_SUSPICIOUS_MOVE = YES;
				CLANG_WARN_UNGUARDED_AVAILABILITY = YES_AGGRESSIVE;
				CLANG_WARN_UNREACHABLE_CODE = YES;
				CLANG_WARN__DUPLICATE_METHOD_MATCH = YES;
				CODE_SIGN_IDENTITY = "iPhone Developer";
				COPY_PHASE_STRIP = NO;
				DEBUG_INFORMATION_FORMAT = "dwarf-with-dsym";
				ENABLE_NS_ASSERTIONS = NO;
				ENABLE_STRICT_OBJC_MSGSEND = YES;
				GCC_C_LANGUAGE_STANDARD = gnu11;
				GCC_NO_COMMON_BLOCKS = YES;
				GCC_WARN_64_TO_32_BIT_CONVERSION = YES;
				GCC_WARN_ABOUT_RETURN_TYPE = YES_ERROR;
				GCC_WARN_UNDECLARED_SELECTOR = YES;
				GCC_WARN_UNINITIALIZED_AUTOS = YES_AGGRESSIVE;
				GCC_WARN_UNUSED_FUNCTION = YES;
				GCC_WARN_UNUSED_VARIABLE = YES;
				IPHONEOS_DEPLOYMENT_TARGET = 11.1;
				MTL_ENABLE_DEBUG_INFO = NO;
				SDKROOT = iphoneos;
				SWIFT_OPTIMIZATION_LEVEL = "-Owholemodule";
				VALIDATE_PRODUCT = YES;
			};
			name = Release;
		};
		11DB8D69206705FC00133D7C /* Debug */ = {
			isa = XCBuildConfiguration;
			buildSettings = {
				ASSETCATALOG_COMPILER_APPICON_NAME = AppIcon;
				CODE_SIGN_STYLE = Automatic;
				DEVELOPMENT_TEAM = 777VCGBAGX;
				INFOPLIST_FILE = TDCSignUpCoordinator/Info.plist;
				LD_RUNPATH_SEARCH_PATHS = "$(inherited) @executable_path/Frameworks";
				PRODUCT_BUNDLE_IDENTIFIER = fernandocruz.TDCSignUpCoordinator;
				PRODUCT_NAME = "$(TARGET_NAME)";
				SWIFT_VERSION = 4.0;
				TARGETED_DEVICE_FAMILY = "1,2";
			};
			name = Debug;
		};
		11DB8D6A206705FC00133D7C /* Release */ = {
			isa = XCBuildConfiguration;
			buildSettings = {
				ASSETCATALOG_COMPILER_APPICON_NAME = AppIcon;
				CODE_SIGN_STYLE = Automatic;
				DEVELOPMENT_TEAM = 777VCGBAGX;
				INFOPLIST_FILE = TDCSignUpCoordinator/Info.plist;
				LD_RUNPATH_SEARCH_PATHS = "$(inherited) @executable_path/Frameworks";
				PRODUCT_BUNDLE_IDENTIFIER = fernandocruz.TDCSignUpCoordinator;
				PRODUCT_NAME = "$(TARGET_NAME)";
				SWIFT_VERSION = 4.0;
				TARGETED_DEVICE_FAMILY = "1,2";
			};
			name = Release;
		};
/* End XCBuildConfiguration section */

/* Begin XCConfigurationList section */
		11DB8D51206705FB00133D7C /* Build configuration list for PBXProject "TDCSignUpCoordinator" */ = {
			isa = XCConfigurationList;
			buildConfigurations = (
				11DB8D66206705FC00133D7C /* Debug */,
				11DB8D67206705FC00133D7C /* Release */,
			);
			defaultConfigurationIsVisible = 0;
			defaultConfigurationName = Release;
		};
		11DB8D68206705FC00133D7C /* Build configuration list for PBXNativeTarget "TDCSignUpCoordinator" */ = {
			isa = XCConfigurationList;
			buildConfigurations = (
				11DB8D69206705FC00133D7C /* Debug */,
				11DB8D6A206705FC00133D7C /* Release */,
			);
			defaultConfigurationIsVisible = 0;
			defaultConfigurationName = Release;
		};
/* End XCConfigurationList section */
	};
	rootObject = 11DB8D4E206705FB00133D7C /* Project object */;
}
